
Microsoft Visual Studio Solution File, Format Version 12.00
# Visual Studio 15
VisualStudioVersion = 15.0.28307.645
MinimumVisualStudioVersion = 10.0.40219.1
Project("{FAE04EC0-301F-11D3-BF4B-00C04F79EFBC}") = "TobiiAgent", "TobiiAgent\TobiiAgent.csproj", "{9C8933A3-2CAA-477B-A08B-41507683CFE7}"
EndProject
Project("{FAE04EC0-301F-11D3-BF4B-00C04F79EFBC}") = "Manager", "Manager\Manager.csproj", "{A55ACADE-CF60-47A5-BD9F-CB96506E8365}"
EndProject
Project("{FAE04EC0-301F-11D3-BF4B-00C04F79EFBC}") = "YoloPipe", "YoloPipe\YoloPipe.csproj", "{D2247033-9614-4E77-BB69-F4EA5AA5B884}"
EndProject
Project("{FAE04EC0-301F-11D3-BF4B-00C04F79EFBC}") = "YoloPipe.Harness", "YoloPipe.Harness\YoloPipe.Harness.csproj", "{94250F9A-51A0-4F51-B58E-35BDE7DD1B43}"
EndProject
Project("{FAE04EC0-301F-11D3-BF4B-00C04F79EFBC}") = "UI", "Player\UI.csproj", "{BF642637-49CE-469D-8B59-2EEED69234C2}"
EndProject
Project("{FAE04EC0-301F-11D3-BF4B-00C04F79EFBC}") = "ObjectDetector", "ObjectDetector\ObjectDetector.csproj", "{2522FE11-39C4-4981-A328-F5FE06FDE235}"
EndProject
Global
	GlobalSection(SolutionConfigurationPlatforms) = preSolution
		Debug|Any CPU = Debug|Any CPU
		Release|Any CPU = Release|Any CPU
	EndGlobalSection
	GlobalSection(ProjectConfigurationPlatforms) = postSolution
		{9C8933A3-2CAA-477B-A08B-41507683CFE7}.Debug|Any CPU.ActiveCfg = Debug|Any CPU
		{9C8933A3-2CAA-477B-A08B-41507683CFE7}.Debug|Any CPU.Build.0 = Debug|Any CPU
		{9C8933A3-2CAA-477B-A08B-41507683CFE7}.Release|Any CPU.ActiveCfg = Release|Any CPU
		{9C8933A3-2CAA-477B-A08B-41507683CFE7}.Release|Any CPU.Build.0 = Release|Any CPU
		{A55ACADE-CF60-47A5-BD9F-CB96506E8365}.Debug|Any CPU.ActiveCfg = Debug|Any CPU
		{A55ACADE-CF60-47A5-BD9F-CB96506E8365}.Debug|Any CPU.Build.0 = Debug|Any CPU
		{A55ACADE-CF60-47A5-BD9F-CB96506E8365}.Release|Any CPU.ActiveCfg = Release|Any CPU
		{A55ACADE-CF60-47A5-BD9F-CB96506E8365}.Release|Any CPU.Build.0 = Release|Any CPU
		{D2247033-9614-4E77-BB69-F4EA5AA5B884}.Debug|Any CPU.ActiveCfg = Debug|Any CPU
		{D2247033-9614-4E77-BB69-F4EA5AA5B884}.Debug|Any CPU.Build.0 = Debug|Any CPU
		{D2247033-9614-4E77-BB69-F4EA5AA5B884}.Release|Any CPU.ActiveCfg = Release|Any CPU
		{D2247033-9614-4E77-BB69-F4EA5AA5B884}.Release|Any CPU.Build.0 = Release|Any CPU
		{94250F9A-51A0-4F51-B58E-35BDE7DD1B43}.Debug|Any CPU.ActiveCfg = Debug|Any CPU
		{94250F9A-51A0-4F51-B58E-35BDE7DD1B43}.Debug|Any CPU.Build.0 = Debug|Any CPU
		{94250F9A-51A0-4F51-B58E-35BDE7DD1B43}.Release|Any CPU.ActiveCfg = Release|Any CPU
		{94250F9A-51A0-4F51-B58E-35BDE7DD1B43}.Release|Any CPU.Build.0 = Release|Any CPU
		{BF642637-49CE-469D-8B59-2EEED69234C2}.Debug|Any CPU.ActiveCfg = Debug|Any CPU
		{BF642637-49CE-469D-8B59-2EEED69234C2}.Debug|Any CPU.Build.0 = Debug|Any CPU
		{BF642637-49CE-469D-8B59-2EEED69234C2}.Release|Any CPU.ActiveCfg = Release|Any CPU
		{BF642637-49CE-469D-8B59-2EEED69234C2}.Release|Any CPU.Build.0 = Release|Any CPU
		{2522FE11-39C4-4981-A328-F5FE06FDE235}.Debug|Any CPU.ActiveCfg = Debug|Any CPU
		{2522FE11-39C4-4981-A328-F5FE06FDE235}.Debug|Any CPU.Build.0 = Debug|Any CPU
		{2522FE11-39C4-4981-A328-F5FE06FDE235}.Release|Any CPU.ActiveCfg = Release|Any CPU
		{2522FE11-39C4-4981-A328-F5FE06FDE235}.Release|Any CPU.Build.0 = Release|Any CPU
	EndGlobalSection
	GlobalSection(SolutionProperties) = preSolution
		HideSolutionNode = FALSE
	EndGlobalSection
	GlobalSection(ExtensibilityGlobals) = postSolution
		SolutionGuid = {39494C7A-94CA-4897-9D0A-9F39F22A6A8D}
	EndGlobalSection
EndGlobal
